// !$*UTF8*$!
{
	archiveVersion = 1;
	classes = {
	};
	objectVersion = 55;
	objects = {

/* Begin PBXBuildFile section */
		142914712820FED5003E28DC /* LoginViewController.swift in Sources */ = {isa = PBXBuildFile; fileRef = 142914702820FED5003E28DC /* LoginViewController.swift */; };
		14BEA62227C61F8400192C65 /* AppDelegate.swift in Sources */ = {isa = PBXBuildFile; fileRef = 14BEA62127C61F8400192C65 /* AppDelegate.swift */; };
		14BEA62427C61F8400192C65 /* SceneDelegate.swift in Sources */ = {isa = PBXBuildFile; fileRef = 14BEA62327C61F8400192C65 /* SceneDelegate.swift */; };
		14BEA62627C61F8400192C65 /* TabBarController.swift in Sources */ = {isa = PBXBuildFile; fileRef = 14BEA62527C61F8400192C65 /* TabBarController.swift */; };
		14BEA62B27C61F8500192C65 /* Assets.xcassets in Resources */ = {isa = PBXBuildFile; fileRef = 14BEA62A27C61F8500192C65 /* Assets.xcassets */; };
		14BEA63727C620A800192C65 /* FeedViewController.swift in Sources */ = {isa = PBXBuildFile; fileRef = 14BEA63627C620A800192C65 /* FeedViewController.swift */; };
		14BEA63927C620C400192C65 /* NewPostViewController.swift in Sources */ = {isa = PBXBuildFile; fileRef = 14BEA63827C620C400192C65 /* NewPostViewController.swift */; };
		14BEA63C27C6213D00192C65 /* SearchViewController.swift in Sources */ = {isa = PBXBuildFile; fileRef = 14BEA63B27C6213D00192C65 /* SearchViewController.swift */; };
		14BEA63F27C6217600192C65 /* ProfileViewController.swift in Sources */ = {isa = PBXBuildFile; fileRef = 14BEA63E27C6217600192C65 /* ProfileViewController.swift */; };
		14BEA64127C6218B00192C65 /* ShareViewController.swift in Sources */ = {isa = PBXBuildFile; fileRef = 14BEA64027C6218B00192C65 /* ShareViewController.swift */; };
		14BEA64327C621A000192C65 /* ProfileSettingsViewController.swift in Sources */ = {isa = PBXBuildFile; fileRef = 14BEA64227C621A000192C65 /* ProfileSettingsViewController.swift */; };
		14BEA64927C6224400192C65 /* FavoriteViewController.swift in Sources */ = {isa = PBXBuildFile; fileRef = 14BEA64827C6224400192C65 /* FavoriteViewController.swift */; };
		14BEA64B27C6226B00192C65 /* SettingsViewController.swift in Sources */ = {isa = PBXBuildFile; fileRef = 14BEA64A27C6226B00192C65 /* SettingsViewController.swift */; };
		14BEA64D27C6227D00192C65 /* AddNewProfileViewController.swift in Sources */ = {isa = PBXBuildFile; fileRef = 14BEA64C27C6227D00192C65 /* AddNewProfileViewController.swift */; };
		14C0A87B27E86A470090FFCF /* Extensions.swift in Sources */ = {isa = PBXBuildFile; fileRef = 14C0A87A27E86A470090FFCF /* Extensions.swift */; };
		14C0A87D27E86DAF0090FFCF /* AppConstants.swift in Sources */ = {isa = PBXBuildFile; fileRef = 14C0A87C27E86DAF0090FFCF /* AppConstants.swift */; };
		14C0A87F27E878540090FFCF /* ProfileHeaderView.swift in Sources */ = {isa = PBXBuildFile; fileRef = 14C0A87E27E878540090FFCF /* ProfileHeaderView.swift */; };
/* End PBXBuildFile section */

/* Begin PBXFileReference section */
		142914702820FED5003E28DC /* LoginViewController.swift */ = {isa = PBXFileReference; lastKnownFileType = sourcecode.swift; path = LoginViewController.swift; sourceTree = "<group>"; };
		14BEA61E27C61F8400192C65 /* First_project.app */ = {isa = PBXFileReference; explicitFileType = wrapper.application; includeInIndex = 0; path = First_project.app; sourceTree = BUILT_PRODUCTS_DIR; };
		14BEA62127C61F8400192C65 /* AppDelegate.swift */ = {isa = PBXFileReference; lastKnownFileType = sourcecode.swift; path = AppDelegate.swift; sourceTree = "<group>"; };
		14BEA62327C61F8400192C65 /* SceneDelegate.swift */ = {isa = PBXFileReference; lastKnownFileType = sourcecode.swift; path = SceneDelegate.swift; sourceTree = "<group>"; };
		14BEA62527C61F8400192C65 /* TabBarController.swift */ = {isa = PBXFileReference; lastKnownFileType = sourcecode.swift; path = TabBarController.swift; sourceTree = "<group>"; };
		14BEA62A27C61F8500192C65 /* Assets.xcassets */ = {isa = PBXFileReference; lastKnownFileType = folder.assetcatalog; path = Assets.xcassets; sourceTree = "<group>"; };
		14BEA62F27C61F8500192C65 /* Info.plist */ = {isa = PBXFileReference; lastKnownFileType = text.plist.xml; path = Info.plist; sourceTree = "<group>"; };
		14BEA63627C620A800192C65 /* FeedViewController.swift */ = {isa = PBXFileReference; lastKnownFileType = sourcecode.swift; path = FeedViewController.swift; sourceTree = "<group>"; };
		14BEA63827C620C400192C65 /* NewPostViewController.swift */ = {isa = PBXFileReference; lastKnownFileType = sourcecode.swift; path = NewPostViewController.swift; sourceTree = "<group>"; };
		14BEA63B27C6213D00192C65 /* SearchViewController.swift */ = {isa = PBXFileReference; lastKnownFileType = sourcecode.swift; path = SearchViewController.swift; sourceTree = "<group>"; };
		14BEA63E27C6217600192C65 /* ProfileViewController.swift */ = {isa = PBXFileReference; lastKnownFileType = sourcecode.swift; path = ProfileViewController.swift; sourceTree = "<group>"; };
		14BEA64027C6218B00192C65 /* ShareViewController.swift */ = {isa = PBXFileReference; lastKnownFileType = sourcecode.swift; path = ShareViewController.swift; sourceTree = "<group>"; };
		14BEA64227C621A000192C65 /* ProfileSettingsViewController.swift */ = {isa = PBXFileReference; lastKnownFileType = sourcecode.swift; path = ProfileSettingsViewController.swift; sourceTree = "<group>"; };
		14BEA64827C6224400192C65 /* FavoriteViewController.swift */ = {isa = PBXFileReference; lastKnownFileType = sourcecode.swift; path = FavoriteViewController.swift; sourceTree = "<group>"; };
		14BEA64A27C6226B00192C65 /* SettingsViewController.swift */ = {isa = PBXFileReference; lastKnownFileType = sourcecode.swift; path = SettingsViewController.swift; sourceTree = "<group>"; };
		14BEA64C27C6227D00192C65 /* AddNewProfileViewController.swift */ = {isa = PBXFileReference; lastKnownFileType = sourcecode.swift; path = AddNewProfileViewController.swift; sourceTree = "<group>"; };
		14C0A87A27E86A470090FFCF /* Extensions.swift */ = {isa = PBXFileReference; lastKnownFileType = sourcecode.swift; path = Extensions.swift; sourceTree = "<group>"; };
		14C0A87C27E86DAF0090FFCF /* AppConstants.swift */ = {isa = PBXFileReference; lastKnownFileType = sourcecode.swift; path = AppConstants.swift; sourceTree = "<group>"; };
		14C0A87E27E878540090FFCF /* ProfileHeaderView.swift */ = {isa = PBXFileReference; lastKnownFileType = sourcecode.swift; path = ProfileHeaderView.swift; sourceTree = "<group>"; };
/* End PBXFileReference section */

/* Begin PBXFrameworksBuildPhase section */
		14BEA61B27C61F8400192C65 /* Frameworks */ = {
			isa = PBXFrameworksBuildPhase;
			buildActionMask = 2147483647;
			files = (
			);
			runOnlyForDeploymentPostprocessing = 0;
		};
/* End PBXFrameworksBuildPhase section */

/* Begin PBXGroup section */
		14BEA61527C61F8400192C65 = {
			isa = PBXGroup;
			children = (
				14BEA62027C61F8400192C65 /* First_project */,
				14BEA61F27C61F8400192C65 /* Products */,
			);
			sourceTree = "<group>";
		};
		14BEA61F27C61F8400192C65 /* Products */ = {
			isa = PBXGroup;
			children = (
				14BEA61E27C61F8400192C65 /* First_project.app */,
			);
			name = Products;
			sourceTree = "<group>";
		};
		14BEA62027C61F8400192C65 /* First_project */ = {
			isa = PBXGroup;
			children = (
				14BEA62127C61F8400192C65 /* AppDelegate.swift */,
				14BEA62327C61F8400192C65 /* SceneDelegate.swift */,
				14BEA62527C61F8400192C65 /* TabBarController.swift */,
				14BEA63527C6206D00192C65 /* Feed */,
				14BEA63A27C6210E00192C65 /* Search */,
				14BEA63D27C6215200192C65 /* Profile */,
				14BEA64627C6220F00192C65 /* Favorite */,
				14BEA64727C6221C00192C65 /* Settings */,
				14BEA62A27C61F8500192C65 /* Assets.xcassets */,
				14BEA62F27C61F8500192C65 /* Info.plist */,
				14C0A87927E869970090FFCF /* AuxiliaryElements */,
			);
			path = First_project;
			sourceTree = "<group>";
		};
		14BEA63527C6206D00192C65 /* Feed */ = {
			isa = PBXGroup;
			children = (
				14BEA63627C620A800192C65 /* FeedViewController.swift */,
				14BEA63827C620C400192C65 /* NewPostViewController.swift */,
			);
			path = Feed;
			sourceTree = "<group>";
		};
		14BEA63A27C6210E00192C65 /* Search */ = {
			isa = PBXGroup;
			children = (
				14BEA63B27C6213D00192C65 /* SearchViewController.swift */,
			);
			path = Search;
			sourceTree = "<group>";
		};
		14BEA63D27C6215200192C65 /* Profile */ = {
			isa = PBXGroup;
			children = (
				142914702820FED5003E28DC /* LoginViewController.swift */,
				14BEA63E27C6217600192C65 /* ProfileViewController.swift */,
				14BEA64027C6218B00192C65 /* ShareViewController.swift */,
				14BEA64227C621A000192C65 /* ProfileSettingsViewController.swift */,
				14C0A87E27E878540090FFCF /* ProfileHeaderView.swift */,
			);
			path = Profile;
			sourceTree = "<group>";
		};
		14BEA64627C6220F00192C65 /* Favorite */ = {
			isa = PBXGroup;
			children = (
				14BEA64827C6224400192C65 /* FavoriteViewController.swift */,
			);
			path = Favorite;
			sourceTree = "<group>";
		};
		14BEA64727C6221C00192C65 /* Settings */ = {
			isa = PBXGroup;
			children = (
				14BEA64A27C6226B00192C65 /* SettingsViewController.swift */,
				14BEA64C27C6227D00192C65 /* AddNewProfileViewController.swift */,
			);
			path = Settings;
			sourceTree = "<group>";
		};
		14C0A87927E869970090FFCF /* AuxiliaryElements */ = {
			isa = PBXGroup;
			children = (
				14C0A87A27E86A470090FFCF /* Extensions.swift */,
				14C0A87C27E86DAF0090FFCF /* AppConstants.swift */,
			);
			path = AuxiliaryElements;
			sourceTree = "<group>";
		};
/* End PBXGroup section */

/* Begin PBXNativeTarget section */
		14BEA61D27C61F8400192C65 /* First_project */ = {
			isa = PBXNativeTarget;
			buildConfigurationList = 14BEA63227C61F8500192C65 /* Build configuration list for PBXNativeTarget "First_project" */;
			buildPhases = (
				14BEA61A27C61F8400192C65 /* Sources */,
				14BEA61B27C61F8400192C65 /* Frameworks */,
				14BEA61C27C61F8400192C65 /* Resources */,
			);
			buildRules = (
			);
			dependencies = (
			);
			name = First_project;
			productName = First_project;
			productReference = 14BEA61E27C61F8400192C65 /* First_project.app */;
			productType = "com.apple.product-type.application";
		};
/* End PBXNativeTarget section */

/* Begin PBXProject section */
		14BEA61627C61F8400192C65 /* Project object */ = {
			isa = PBXProject;
			attributes = {
				BuildIndependentTargetsInParallel = 1;
				LastSwiftUpdateCheck = 1320;
				LastUpgradeCheck = 1320;
				TargetAttributes = {
					14BEA61D27C61F8400192C65 = {
						CreatedOnToolsVersion = 13.2.1;
					};
				};
			};
			buildConfigurationList = 14BEA61927C61F8400192C65 /* Build configuration list for PBXProject "First_project" */;
			compatibilityVersion = "Xcode 13.0";
			developmentRegion = en;
			hasScannedForEncodings = 0;
			knownRegions = (
				en,
				Base,
			);
			mainGroup = 14BEA61527C61F8400192C65;
			productRefGroup = 14BEA61F27C61F8400192C65 /* Products */;
			projectDirPath = "";
			projectRoot = "";
			targets = (
				14BEA61D27C61F8400192C65 /* First_project */,
			);
		};
/* End PBXProject section */

/* Begin PBXResourcesBuildPhase section */
		14BEA61C27C61F8400192C65 /* Resources */ = {
			isa = PBXResourcesBuildPhase;
			buildActionMask = 2147483647;
			files = (
				14BEA62B27C61F8500192C65 /* Assets.xcassets in Resources */,
			);
			runOnlyForDeploymentPostprocessing = 0;
		};
/* End PBXResourcesBuildPhase section */

/* Begin PBXSourcesBuildPhase section */
		14BEA61A27C61F8400192C65 /* Sources */ = {
			isa = PBXSourcesBuildPhase;
			buildActionMask = 2147483647;
			files = (
				14BEA64927C6224400192C65 /* FavoriteViewController.swift in Sources */,
				14BEA62627C61F8400192C65 /* TabBarController.swift in Sources */,
				14BEA64327C621A000192C65 /* ProfileSettingsViewController.swift in Sources */,
				14C0A87D27E86DAF0090FFCF /* AppConstants.swift in Sources */,
				14BEA63727C620A800192C65 /* FeedViewController.swift in Sources */,
				14BEA62227C61F8400192C65 /* AppDelegate.swift in Sources */,
				14C0A87F27E878540090FFCF /* ProfileHeaderView.swift in Sources */,
				14BEA62427C61F8400192C65 /* SceneDelegate.swift in Sources */,
				14BEA64D27C6227D00192C65 /* AddNewProfileViewController.swift in Sources */,
				14BEA63F27C6217600192C65 /* ProfileViewController.swift in Sources */,
				14BEA63C27C6213D00192C65 /* SearchViewController.swift in Sources */,
				14BEA64127C6218B00192C65 /* ShareViewController.swift in Sources */,
				142914712820FED5003E28DC /* LoginViewController.swift in Sources */,
				14BEA63927C620C400192C65 /* NewPostViewController.swift in Sources */,
				14BEA64B27C6226B00192C65 /* SettingsViewController.swift in Sources */,
				14C0A87B27E86A470090FFCF /* Extensions.swift in Sources */,
			);
			runOnlyForDeploymentPostprocessing = 0;
		};
/* End PBXSourcesBuildPhase section */

/* Begin XCBuildConfiguration section */
		14BEA63027C61F8500192C65 /* Debug */ = {
			isa = XCBuildConfiguration;
			buildSettings = {
				ALWAYS_SEARCH_USER_PATHS = NO;
				CLANG_ANALYZER_NONNULL = YES;
				CLANG_ANALYZER_NUMBER_OBJECT_CONVERSION = YES_AGGRESSIVE;
				CLANG_CXX_LANGUAGE_STANDARD = "gnu++17";
				CLANG_CXX_LIBRARY = "libc++";
				CLANG_ENABLE_MODULES = YES;
				CLANG_ENABLE_OBJC_ARC = YES;
				CLANG_ENABLE_OBJC_WEAK = YES;
				CLANG_WARN_BLOCK_CAPTURE_AUTORELEASING = YES;
				CLANG_WARN_BOOL_CONVERSION = YES;
				CLANG_WARN_COMMA = YES;
				CLANG_WARN_CONSTANT_CONVERSION = YES;
				CLANG_WARN_DEPRECATED_OBJC_IMPLEMENTATIONS = YES;
				CLANG_WARN_DIRECT_OBJC_ISA_USAGE = YES_ERROR;
				CLANG_WARN_DOCUMENTATION_COMMENTS = YES;
				CLANG_WARN_EMPTY_BODY = YES;
				CLANG_WARN_ENUM_CONVERSION = YES;
				CLANG_WARN_INFINITE_RECURSION = YES;
				CLANG_WARN_INT_CONVERSION = YES;
				CLANG_WARN_NON_LITERAL_NULL_CONVERSION = YES;
				CLANG_WARN_OBJC_IMPLICIT_RETAIN_SELF = YES;
				CLANG_WARN_OBJC_LITERAL_CONVERSION = YES;
				CLANG_WARN_OBJC_ROOT_CLASS = YES_ERROR;
				CLANG_WARN_QUOTED_INCLUDE_IN_FRAMEWORK_HEADER = YES;
				CLANG_WARN_RANGE_LOOP_ANALYSIS = YES;
				CLANG_WARN_STRICT_PROTOTYPES = YES;
				CLANG_WARN_SUSPICIOUS_MOVE = YES;
				CLANG_WARN_UNGUARDED_AVAILABILITY = YES_AGGRESSIVE;
				CLANG_WARN_UNREACHABLE_CODE = YES;
				CLANG_WARN__DUPLICATE_METHOD_MATCH = YES;
				COPY_PHASE_STRIP = NO;
				DEBUG_INFORMATION_FORMAT = dwarf;
				ENABLE_STRICT_OBJC_MSGSEND = YES;
				ENABLE_TESTABILITY = YES;
				GCC_C_LANGUAGE_STANDARD = gnu11;
				GCC_DYNAMIC_NO_PIC = NO;
				GCC_NO_COMMON_BLOCKS = YES;
				GCC_OPTIMIZATION_LEVEL = 0;
				GCC_PREPROCESSOR_DEFINITIONS = (
					"DEBUG=1",
					"$(inherited)",
				);
				GCC_WARN_64_TO_32_BIT_CONVERSION = YES;
				GCC_WARN_ABOUT_RETURN_TYPE = YES_ERROR;
				GCC_WARN_UNDECLARED_SELECTOR = YES;
				GCC_WARN_UNINITIALIZED_AUTOS = YES_AGGRESSIVE;
				GCC_WARN_UNUSED_FUNCTION = YES;
				GCC_WARN_UNUSED_VARIABLE = YES;
				IPHONEOS_DEPLOYMENT_TARGET = 15.2;
				MTL_ENABLE_DEBUG_INFO = INCLUDE_SOURCE;
				MTL_FAST_MATH = YES;
				ONLY_ACTIVE_ARCH = YES;
				SDKROOT = iphoneos;
				SWIFT_ACTIVE_COMPILATION_CONDITIONS = DEBUG;
				SWIFT_OPTIMIZATION_LEVEL = "-Onone";
			};
			name = Debug;
		};
		14BEA63127C61F8500192C65 /* Release */ = {
			isa = XCBuildConfiguration;
			buildSettings = {
				ALWAYS_SEARCH_USER_PATHS = NO;
				CLANG_ANALYZER_NONNULL = YES;
				CLANG_ANALYZER_NUMBER_OBJECT_CONVERSION = YES_AGGRESSIVE;
				CLANG_CXX_LANGUAGE_STANDARD = "gnu++17";
				CLANG_CXX_LIBRARY = "libc++";
				CLANG_ENABLE_MODULES = YES;
				CLANG_ENABLE_OBJC_ARC = YES;
				CLANG_ENABLE_OBJC_WEAK = YES;
				CLANG_WARN_BLOCK_CAPTURE_AUTORELEASING = YES;
				CLANG_WARN_BOOL_CONVERSION = YES;
				CLANG_WARN_COMMA = YES;
				CLANG_WARN_CONSTANT_CONVERSION = YES;
				CLANG_WARN_DEPRECATED_OBJC_IMPLEMENTATIONS = YES;
				CLANG_WARN_DIRECT_OBJC_ISA_USAGE = YES_ERROR;
				CLANG_WARN_DOCUMENTATION_COMMENTS = YES;
				CLANG_WARN_EMPTY_BODY = YES;
				CLANG_WARN_ENUM_CONVERSION = YES;
				CLANG_WARN_INFINITE_RECURSION = YES;
				CLANG_WARN_INT_CONVERSION = YES;
				CLANG_WARN_NON_LITERAL_NULL_CONVERSION = YES;
				CLANG_WARN_OBJC_IMPLICIT_RETAIN_SELF = YES;
				CLANG_WARN_OBJC_LITERAL_CONVERSION = YES;
				CLANG_WARN_OBJC_ROOT_CLASS = YES_ERROR;
				CLANG_WARN_QUOTED_INCLUDE_IN_FRAMEWORK_HEADER = YES;
				CLANG_WARN_RANGE_LOOP_ANALYSIS = YES;
				CLANG_WARN_STRICT_PROTOTYPES = YES;
				CLANG_WARN_SUSPICIOUS_MOVE = YES;
				CLANG_WARN_UNGUARDED_AVAILABILITY = YES_AGGRESSIVE;
				CLANG_WARN_UNREACHABLE_CODE = YES;
				CLANG_WARN__DUPLICATE_METHOD_MATCH = YES;
				COPY_PHASE_STRIP = NO;
				DEBUG_INFORMATION_FORMAT = "dwarf-with-dsym";
				ENABLE_NS_ASSERTIONS = NO;
				ENABLE_STRICT_OBJC_MSGSEND = YES;
				GCC_C_LANGUAGE_STANDARD = gnu11;
				GCC_NO_COMMON_BLOCKS = YES;
				GCC_WARN_64_TO_32_BIT_CONVERSION = YES;
				GCC_WARN_ABOUT_RETURN_TYPE = YES_ERROR;
				GCC_WARN_UNDECLARED_SELECTOR = YES;
				GCC_WARN_UNINITIALIZED_AUTOS = YES_AGGRESSIVE;
				GCC_WARN_UNUSED_FUNCTION = YES;
				GCC_WARN_UNUSED_VARIABLE = YES;
				IPHONEOS_DEPLOYMENT_TARGET = 15.2;
				MTL_ENABLE_DEBUG_INFO = NO;
				MTL_FAST_MATH = YES;
				SDKROOT = iphoneos;
				SWIFT_COMPILATION_MODE = wholemodule;
				SWIFT_OPTIMIZATION_LEVEL = "-O";
				VALIDATE_PRODUCT = YES;
			};
			name = Release;
		};
		14BEA63327C61F8500192C65 /* Debug */ = {
			isa = XCBuildConfiguration;
			buildSettings = {
				ASSETCATALOG_COMPILER_APPICON_NAME = AppIcon;
				CODE_SIGN_STYLE = Automatic;
				CURRENT_PROJECT_VERSION = 1;
				DEVELOPMENT_TEAM = LLH5T3CR5A;
				GENERATE_INFOPLIST_FILE = YES;
				INFOPLIST_FILE = First_project/Info.plist;
				INFOPLIST_KEY_UIApplicationSupportsIndirectInputEvents = YES;
				INFOPLIST_KEY_UILaunchStoryboardName = LaunchScreen;
				INFOPLIST_KEY_UISupportedInterfaceOrientations = "UIInterfaceOrientationPortrait UIInterfaceOrientationLandscapeLeft UIInterfaceOrientationLandscapeRight";
				INFOPLIST_KEY_UISupportedInterfaceOrientations_iPad = "UIInterfaceOrientationPortrait UIInterfaceOrientationPortraitUpsideDown UIInterfaceOrientationLandscapeLeft UIInterfaceOrientationLandscapeRight";
				INFOPLIST_KEY_UISupportedInterfaceOrientations_iPhone = "UIInterfaceOrientationPortrait UIInterfaceOrientationLandscapeLeft UIInterfaceOrientationLandscapeRight";
				LD_RUNPATH_SEARCH_PATHS = (
					"$(inherited)",
					"@executable_path/Frameworks",
				);
				MARKETING_VERSION = 1.0;
				PRODUCT_BUNDLE_IDENTIFIER = "taraskyparenko-gmail.com.First-project";
				PRODUCT_NAME = "$(TARGET_NAME)";
				SWIFT_EMIT_LOC_STRINGS = YES;
				SWIFT_VERSION = 5.0;
				TARGETED_DEVICE_FAMILY = 1;
			};
			name = Debug;
		};
		14BEA63427C61F8500192C65 /* Release */ = {
			isa = XCBuildConfiguration;
			buildSettings = {
				ASSETCATALOG_COMPILER_APPICON_NAME = AppIcon;
				CODE_SIGN_STYLE = Automatic;
				CURRENT_PROJECT_VERSION = 1;
				DEVELOPMENT_TEAM = LLH5T3CR5A;
				GENERATE_INFOPLIST_FILE = YES;
				INFOPLIST_FILE = First_project/Info.plist;
				INFOPLIST_KEY_UIApplicationSupportsIndirectInputEvents = YES;
				INFOPLIST_KEY_UILaunchStoryboardName = LaunchScreen;
				INFOPLIST_KEY_UISupportedInterfaceOrientations = "UIInterfaceOrientationPortrait UIInterfaceOrientationLandscapeLeft UIInterfaceOrientationLandscapeRight";
				INFOPLIST_KEY_UISupportedInterfaceOrientations_iPad = "UIInterfaceOrientationPortrait UIInterfaceOrientationPortraitUpsideDown UIInterfaceOrientationLandscapeLeft UIInterfaceOrientationLandscapeRight";
				INFOPLIST_KEY_UISupportedInterfaceOrientations_iPhone = "UIInterfaceOrientationPortrait UIInterfaceOrientationLandscapeLeft UIInterfaceOrientationLandscapeRight";
				LD_RUNPATH_SEARCH_PATHS = (
					"$(inherited)",
					"@executable_path/Frameworks",
				);
				MARKETING_VERSION = 1.0;
				PRODUCT_BUNDLE_IDENTIFIER = "taraskyparenko-gmail.com.First-project";
				PRODUCT_NAME = "$(TARGET_NAME)";
				SWIFT_EMIT_LOC_STRINGS = YES;
				SWIFT_VERSION = 5.0;
				TARGETED_DEVICE_FAMILY = 1;
			};
			name = Release;
		};
/* End XCBuildConfiguration section */

/* Begin XCConfigurationList section */
		14BEA61927C61F8400192C65 /* Build configuration list for PBXProject "First_project" */ = {
			isa = XCConfigurationList;
			buildConfigurations = (
				14BEA63027C61F8500192C65 /* Debug */,
				14BEA63127C61F8500192C65 /* Release */,
			);
			defaultConfigurationIsVisible = 0;
			defaultConfigurationName = Release;
		};
		14BEA63227C61F8500192C65 /* Build configuration list for PBXNativeTarget "First_project" */ = {
			isa = XCConfigurationList;
			buildConfigurations = (
				14BEA63327C61F8500192C65 /* Debug */,
				14BEA63427C61F8500192C65 /* Release */,
			);
			defaultConfigurationIsVisible = 0;
			defaultConfigurationName = Release;
		};
/* End XCConfigurationList section */
	};
	rootObject = 14BEA61627C61F8400192C65 /* Project object */;
}
